
Microsoft Visual Studio Solution File, Format Version 12.00
# Visual Studio Version 16
VisualStudioVersion = 16.0.31205.134
MinimumVisualStudioVersion = 10.0.40219.1
Project("{9A19103F-16F7-4668-BE54-9A1E7A4F7556}") = "Image Service", "Image Service\Image Service.csproj", "{C07085A8-7E9B-4EA6-AC40-B5A4319EEE19}"
EndProject
Project("{9A19103F-16F7-4668-BE54-9A1E7A4F7556}") = "Logic", "Logic\Logic.csproj", "{6DE6E750-DB71-4994-9054-CC2DD91CD2DE}"
EndProject
Project("{9A19103F-16F7-4668-BE54-9A1E7A4F7556}") = "Data", "Data\Data.csproj", "{05B635EB-3D25-43BC-85D1-5AA4E7F2ACC9}"
EndProject
Project("{9A19103F-16F7-4668-BE54-9A1E7A4F7556}") = "Common", "Common\Common.csproj", "{CB229770-18ED-4B09-A453-5B075F68E133}"
EndProject
Project("{9A19103F-16F7-4668-BE54-9A1E7A4F7556}") = "Factory", "Factory\Factory.csproj", "{5F8B0469-DE71-4F92-B5BE-BEF173701B55}"
EndProject
Project("{FAE04EC0-301F-11D3-BF4B-00C04F79EFBC}") = "Tests", "Tests\Tests.csproj", "{473FDE54-5B71-4A64-BC6F-2F150430152C}"
EndProject
Global
	GlobalSection(SolutionConfigurationPlatforms) = preSolution
		Debug|Any CPU = Debug|Any CPU
		Release|Any CPU = Release|Any CPU
	EndGlobalSection
	GlobalSection(ProjectConfigurationPlatforms) = postSolution
		{C07085A8-7E9B-4EA6-AC40-B5A4319EEE19}.Debug|Any CPU.ActiveCfg = Debug|Any CPU
		{C07085A8-7E9B-4EA6-AC40-B5A4319EEE19}.Debug|Any CPU.Build.0 = Debug|Any CPU
		{C07085A8-7E9B-4EA6-AC40-B5A4319EEE19}.Release|Any CPU.ActiveCfg = Release|Any CPU
		{C07085A8-7E9B-4EA6-AC40-B5A4319EEE19}.Release|Any CPU.Build.0 = Release|Any CPU
		{6DE6E750-DB71-4994-9054-CC2DD91CD2DE}.Debug|Any CPU.ActiveCfg = Debug|Any CPU
		{6DE6E750-DB71-4994-9054-CC2DD91CD2DE}.Debug|Any CPU.Build.0 = Debug|Any CPU
		{6DE6E750-DB71-4994-9054-CC2DD91CD2DE}.Release|Any CPU.ActiveCfg = Release|Any CPU
		{6DE6E750-DB71-4994-9054-CC2DD91CD2DE}.Release|Any CPU.Build.0 = Release|Any CPU
		{05B635EB-3D25-43BC-85D1-5AA4E7F2ACC9}.Debug|Any CPU.ActiveCfg = Debug|Any CPU
		{05B635EB-3D25-43BC-85D1-5AA4E7F2ACC9}.Debug|Any CPU.Build.0 = Debug|Any CPU
		{05B635EB-3D25-43BC-85D1-5AA4E7F2ACC9}.Release|Any CPU.ActiveCfg = Release|Any CPU
		{05B635EB-3D25-43BC-85D1-5AA4E7F2ACC9}.Release|Any CPU.Build.0 = Release|Any CPU
		{CB229770-18ED-4B09-A453-5B075F68E133}.Debug|Any CPU.ActiveCfg = Debug|Any CPU
		{CB229770-18ED-4B09-A453-5B075F68E133}.Debug|Any CPU.Build.0 = Debug|Any CPU
		{CB229770-18ED-4B09-A453-5B075F68E133}.Release|Any CPU.ActiveCfg = Release|Any CPU
		{CB229770-18ED-4B09-A453-5B075F68E133}.Release|Any CPU.Build.0 = Release|Any CPU
		{5F8B0469-DE71-4F92-B5BE-BEF173701B55}.Debug|Any CPU.ActiveCfg = Debug|Any CPU
		{5F8B0469-DE71-4F92-B5BE-BEF173701B55}.Debug|Any CPU.Build.0 = Debug|Any CPU
		{5F8B0469-DE71-4F92-B5BE-BEF173701B55}.Release|Any CPU.ActiveCfg = Release|Any CPU
		{5F8B0469-DE71-4F92-B5BE-BEF173701B55}.Release|Any CPU.Build.0 = Release|Any CPU
		{473FDE54-5B71-4A64-BC6F-2F150430152C}.Debug|Any CPU.ActiveCfg = Debug|Any CPU
		{473FDE54-5B71-4A64-BC6F-2F150430152C}.Debug|Any CPU.Build.0 = Debug|Any CPU
		{473FDE54-5B71-4A64-BC6F-2F150430152C}.Release|Any CPU.ActiveCfg = Release|Any CPU
		{473FDE54-5B71-4A64-BC6F-2F150430152C}.Release|Any CPU.Build.0 = Release|Any CPU
	EndGlobalSection
	GlobalSection(SolutionProperties) = preSolution
		HideSolutionNode = FALSE
	EndGlobalSection
	GlobalSection(ExtensibilityGlobals) = postSolution
		SolutionGuid = {589410C8-E886-42AB-BFC6-96B14568D34B}
	EndGlobalSection
EndGlobal
